
Microsoft Visual Studio Solution File, Format Version 12.00
# Visual Studio Version 17
VisualStudioVersion = 17.8.34525.116
MinimumVisualStudioVersion = 10.0.40219.1
Project("{9A19103F-16F7-4668-BE54-9A1E7A4F7556}") = "OneToOne1", "OneToOne1.csproj", "{D66F6890-1956-4A75-98C5-F4922606BFC1}"
EndProject
Global
	GlobalSection(SolutionConfigurationPlatforms) = preSolution
		Debug|Any CPU = Debug|Any CPU
		Release|Any CPU = Release|Any CPU
	EndGlobalSection
	GlobalSection(ProjectConfigurationPlatforms) = postSolution
		{D66F6890-1956-4A75-98C5-F4922606BFC1}.Debug|Any CPU.ActiveCfg = Debug|Any CPU
		{D66F6890-1956-4A75-98C5-F4922606BFC1}.Debug|Any CPU.Build.0 = Debug|Any CPU
		{D66F6890-1956-4A75-98C5-F4922606BFC1}.Release|Any CPU.ActiveCfg = Release|Any CPU
		{D66F6890-1956-4A75-98C5-F4922606BFC1}.Release|Any CPU.Build.0 = Release|Any CPU
	EndGlobalSection
	GlobalSection(SolutionProperties) = preSolution
		HideSolutionNode = FALSE
	EndGlobalSection
	GlobalSection(ExtensibilityGlobals) = postSolution
		SolutionGuid = {39D71C9D-CE5B-4A1F-AAA7-9784C8A6919C}
	EndGlobalSection
EndGlobal
